{
  "name": "pipelines",
  "lockfileVersion": 3,
  "requires": true,
  "packages": {
    "": {
      "dependencies": {
        "seqera": "^1.3.0"
      }
    },
    "node_modules/@seqera/cli-darwin-arm64": {
      "version": "1.3.0",
      "resolved": "https://registry.npmjs.org/@seqera/cli-darwin-arm64/-/cli-darwin-arm64-1.3.0.tgz",
      "integrity": "sha512-H6bZaTxwB9mo5HG1mp9ZIqJBSOdTWQJNrgPVSmurEElNfbN5FvA0vgADpsLCj25yUgzyMyr1Ez6owlYa/hQd3g==",
      "cpu": [
        "arm64"
      ],
      "license": "BUSL-1.1",
      "optional": true,
      "os": [
        "darwin"
      ],
      "bin": {
        "seqera": "bin/seqera"
      }
    },
    "node_modules/@seqera/cli-darwin-x64": {
      "version": "1.3.0",
      "resolved": "https://registry.npmjs.org/@seqera/cli-darwin-x64/-/cli-darwin-x64-1.3.0.tgz",
      "integrity": "sha512-GtlW7gdBqX1OZDEelu1ZiZRyNgR3xF8kGTUpYvu+C/urPp2K6mGxcmiejK5tVLVbModWJen2NQxvMW8RTTFCkg==",
      "cpu": [
        "x64"
      ],
      "license": "BUSL-1.1",
      "optional": true,
      "os": [
        "darwin"
      ],
      "bin": {
        "seqera": "bin/seqera"
      }
    },
    "node_modules/@seqera/cli-linux-x64": {
      "version": "1.3.0",
      "resolved": "https://registry.npmjs.org/@seqera/cli-linux-x64/-/cli-linux-x64-1.3.0.tgz",
      "integrity": "sha512-5OnWWkR9oS7TgRNHLSTGCySB17Xpu/2ZFOy2e1qUfHg7p37XtxWrWV2fUzdITzw4ezSpa0GlVmX3XvBLPPuhnw==",
      "cpu": [
        "x64"
      ],
      "license": "BUSL-1.1",
      "optional": true,
      "os": [
        "linux"
      ],
      "bin": {
        "seqera": "bin/seqera"
      }
    },
    "node_modules/seqera": {
      "version": "1.3.0",
      "resolved": "https://registry.npmjs.org/seqera/-/seqera-1.3.0.tgz",
      "integrity": "sha512-A8a8TYM/Uk7+rYvkT9qtiDBRhdIuM9IU7FkqEWQcIdRUUv+LXZn3sKplqGh7VVCkPhk6PPi0w7jb3Jsq3ezFOg==",
      "license": "BUSL-1.1",
      "bin": {
        "seqera": "bin/seqera"
      },
      "engines": {
        "node": ">=18"
      },
      "optionalDependencies": {
        "@seqera/cli-darwin-arm64": "1.3.0",
        "@seqera/cli-darwin-x64": "1.3.0",
        "@seqera/cli-linux-x64": "1.3.0"
      }
    }
  }
}
